// !$*UTF8*$!
{
	archiveVersion = 1;
	classes = {
	};
	objectVersion = 50;
	objects = {

/* Begin PBXBuildFile section */
		F95CA39B26B1FBCE009D7F26 /* DetailViewController.swift in Sources */ = {isa = PBXBuildFile; fileRef = F95CA39A26B1FBCE009D7F26 /* DetailViewController.swift */; };
		F95CA39D26B20412009D7F26 /* ExtendedTableViewController.swift in Sources */ = {isa = PBXBuildFile; fileRef = F95CA39C26B20412009D7F26 /* ExtendedTableViewController.swift */; };
		F99F5FEB26B0A51400FAEF3A /* AppDelegate.swift in Sources */ = {isa = PBXBuildFile; fileRef = F99F5FEA26B0A51400FAEF3A /* AppDelegate.swift */; };
		F99F5FED26B0A51400FAEF3A /* SceneDelegate.swift in Sources */ = {isa = PBXBuildFile; fileRef = F99F5FEC26B0A51400FAEF3A /* SceneDelegate.swift */; };
		F99F5FF226B0A51400FAEF3A /* Main.storyboard in Resources */ = {isa = PBXBuildFile; fileRef = F99F5FF026B0A51400FAEF3A /* Main.storyboard */; };
		F99F5FF426B0A51800FAEF3A /* Assets.xcassets in Resources */ = {isa = PBXBuildFile; fileRef = F99F5FF326B0A51800FAEF3A /* Assets.xcassets */; };
		F99F5FF726B0A51800FAEF3A /* LaunchScreen.storyboard in Resources */ = {isa = PBXBuildFile; fileRef = F99F5FF526B0A51800FAEF3A /* LaunchScreen.storyboard */; };
		F99F5FFF26B0A5C100FAEF3A /* ContactListViewController.swift in Sources */ = {isa = PBXBuildFile; fileRef = F99F5FFE26B0A5C100FAEF3A /* ContactListViewController.swift */; };
		F99F600126B0A5D400FAEF3A /* DataManager.swift in Sources */ = {isa = PBXBuildFile; fileRef = F99F600026B0A5D400FAEF3A /* DataManager.swift */; };
		F99F600326B0A5E700FAEF3A /* Person.swift in Sources */ = {isa = PBXBuildFile; fileRef = F99F600226B0A5E700FAEF3A /* Person.swift */; };
/* End PBXBuildFile section */

/* Begin PBXFileReference section */
		F95CA39A26B1FBCE009D7F26 /* DetailViewController.swift */ = {isa = PBXFileReference; lastKnownFileType = sourcecode.swift; path = DetailViewController.swift; sourceTree = "<group>"; };
		F95CA39C26B20412009D7F26 /* ExtendedTableViewController.swift */ = {isa = PBXFileReference; lastKnownFileType = sourcecode.swift; path = ExtendedTableViewController.swift; sourceTree = "<group>"; };
		F99F5FE726B0A51400FAEF3A /* contactApp.app */ = {isa = PBXFileReference; explicitFileType = wrapper.application; includeInIndex = 0; path = contactApp.app; sourceTree = BUILT_PRODUCTS_DIR; };
		F99F5FEA26B0A51400FAEF3A /* AppDelegate.swift */ = {isa = PBXFileReference; lastKnownFileType = sourcecode.swift; path = AppDelegate.swift; sourceTree = "<group>"; };
		F99F5FEC26B0A51400FAEF3A /* SceneDelegate.swift */ = {isa = PBXFileReference; lastKnownFileType = sourcecode.swift; path = SceneDelegate.swift; sourceTree = "<group>"; };
		F99F5FF126B0A51400FAEF3A /* Base */ = {isa = PBXFileReference; lastKnownFileType = file.storyboard; name = Base; path = Base.lproj/Main.storyboard; sourceTree = "<group>"; };
		F99F5FF326B0A51800FAEF3A /* Assets.xcassets */ = {isa = PBXFileReference; lastKnownFileType = folder.assetcatalog; path = Assets.xcassets; sourceTree = "<group>"; };
		F99F5FF626B0A51800FAEF3A /* Base */ = {isa = PBXFileReference; lastKnownFileType = file.storyboard; name = Base; path = Base.lproj/LaunchScreen.storyboard; sourceTree = "<group>"; };
		F99F5FF826B0A51800FAEF3A /* Info.plist */ = {isa = PBXFileReference; lastKnownFileType = text.plist.xml; path = Info.plist; sourceTree = "<group>"; };
		F99F5FFE26B0A5C100FAEF3A /* ContactListViewController.swift */ = {isa = PBXFileReference; lastKnownFileType = sourcecode.swift; path = ContactListViewController.swift; sourceTree = "<group>"; };
		F99F600026B0A5D400FAEF3A /* DataManager.swift */ = {isa = PBXFileReference; lastKnownFileType = sourcecode.swift; path = DataManager.swift; sourceTree = "<group>"; };
		F99F600226B0A5E700FAEF3A /* Person.swift */ = {isa = PBXFileReference; lastKnownFileType = sourcecode.swift; path = Person.swift; sourceTree = "<group>"; };
/* End PBXFileReference section */

/* Begin PBXFrameworksBuildPhase section */
		F99F5FE426B0A51400FAEF3A /* Frameworks */ = {
			isa = PBXFrameworksBuildPhase;
			buildActionMask = 2147483647;
			files = (
			);
			runOnlyForDeploymentPostprocessing = 0;
		};
/* End PBXFrameworksBuildPhase section */

/* Begin PBXGroup section */
		F99F5FDE26B0A51400FAEF3A = {
			isa = PBXGroup;
			children = (
				F99F5FE926B0A51400FAEF3A /* contactApp */,
				F99F5FE826B0A51400FAEF3A /* Products */,
			);
			sourceTree = "<group>";
		};
		F99F5FE826B0A51400FAEF3A /* Products */ = {
			isa = PBXGroup;
			children = (
				F99F5FE726B0A51400FAEF3A /* contactApp.app */,
			);
			name = Products;
			sourceTree = "<group>";
		};
		F99F5FE926B0A51400FAEF3A /* contactApp */ = {
			isa = PBXGroup;
			children = (
				F99F5FEA26B0A51400FAEF3A /* AppDelegate.swift */,
				F99F5FEC26B0A51400FAEF3A /* SceneDelegate.swift */,
				F99F5FF026B0A51400FAEF3A /* Main.storyboard */,
				F95CA39A26B1FBCE009D7F26 /* DetailViewController.swift */,
				F99F5FFE26B0A5C100FAEF3A /* ContactListViewController.swift */,
				F95CA39C26B20412009D7F26 /* ExtendedTableViewController.swift */,
				F99F600026B0A5D400FAEF3A /* DataManager.swift */,
				F99F600226B0A5E700FAEF3A /* Person.swift */,
				F99F5FF326B0A51800FAEF3A /* Assets.xcassets */,
				F99F5FF526B0A51800FAEF3A /* LaunchScreen.storyboard */,
				F99F5FF826B0A51800FAEF3A /* Info.plist */,
			);
			path = contactApp;
			sourceTree = "<group>";
		};
/* End PBXGroup section */

/* Begin PBXNativeTarget section */
		F99F5FE626B0A51400FAEF3A /* contactApp */ = {
			isa = PBXNativeTarget;
			buildConfigurationList = F99F5FFB26B0A51800FAEF3A /* Build configuration list for PBXNativeTarget "contactApp" */;
			buildPhases = (
				F99F5FE326B0A51400FAEF3A /* Sources */,
				F99F5FE426B0A51400FAEF3A /* Frameworks */,
				F99F5FE526B0A51400FAEF3A /* Resources */,
			);
			buildRules = (
			);
			dependencies = (
			);
			name = contactApp;
			productName = contactApp;
			productReference = F99F5FE726B0A51400FAEF3A /* contactApp.app */;
			productType = "com.apple.product-type.application";
		};
/* End PBXNativeTarget section */

/* Begin PBXProject section */
		F99F5FDF26B0A51400FAEF3A /* Project object */ = {
			isa = PBXProject;
			attributes = {
				LastSwiftUpdateCheck = 1250;
				LastUpgradeCheck = 1250;
				TargetAttributes = {
					F99F5FE626B0A51400FAEF3A = {
						CreatedOnToolsVersion = 12.5.1;
					};
				};
			};
			buildConfigurationList = F99F5FE226B0A51400FAEF3A /* Build configuration list for PBXProject "contactApp" */;
			compatibilityVersion = "Xcode 9.3";
			developmentRegion = en;
			hasScannedForEncodings = 0;
			knownRegions = (
				en,
				Base,
			);
			mainGroup = F99F5FDE26B0A51400FAEF3A;
			productRefGroup = F99F5FE826B0A51400FAEF3A /* Products */;
			projectDirPath = "";
			projectRoot = "";
			targets = (
				F99F5FE626B0A51400FAEF3A /* contactApp */,
			);
		};
/* End PBXProject section */

/* Begin PBXResourcesBuildPhase section */
		F99F5FE526B0A51400FAEF3A /* Resources */ = {
			isa = PBXResourcesBuildPhase;
			buildActionMask = 2147483647;
			files = (
				F99F5FF726B0A51800FAEF3A /* LaunchScreen.storyboard in Resources */,
				F99F5FF426B0A51800FAEF3A /* Assets.xcassets in Resources */,
				F99F5FF226B0A51400FAEF3A /* Main.storyboard in Resources */,
			);
			runOnlyForDeploymentPostprocessing = 0;
		};
/* End PBXResourcesBuildPhase section */

/* Begin PBXSourcesBuildPhase section */
		F99F5FE326B0A51400FAEF3A /* Sources */ = {
			isa = PBXSourcesBuildPhase;
			buildActionMask = 2147483647;
			files = (
				F99F600326B0A5E700FAEF3A /* Person.swift in Sources */,
				F99F5FEB26B0A51400FAEF3A /* AppDelegate.swift in Sources */,
				F95CA39D26B20412009D7F26 /* ExtendedTableViewController.swift in Sources */,
				F99F600126B0A5D400FAEF3A /* DataManager.swift in Sources */,
				F95CA39B26B1FBCE009D7F26 /* DetailViewController.swift in Sources */,
				F99F5FED26B0A51400FAEF3A /* SceneDelegate.swift in Sources */,
				F99F5FFF26B0A5C100FAEF3A /* ContactListViewController.swift in Sources */,
			);
			runOnlyForDeploymentPostprocessing = 0;
		};
/* End PBXSourcesBuildPhase section */

/* Begin PBXVariantGroup section */
		F99F5FF026B0A51400FAEF3A /* Main.storyboard */ = {
			isa = PBXVariantGroup;
			children = (
				F99F5FF126B0A51400FAEF3A /* Base */,
			);
			name = Main.storyboard;
			sourceTree = "<group>";
		};
		F99F5FF526B0A51800FAEF3A /* LaunchScreen.storyboard */ = {
			isa = PBXVariantGroup;
			children = (
				F99F5FF626B0A51800FAEF3A /* Base */,
			);
			name = LaunchScreen.storyboard;
			sourceTree = "<group>";
		};
/* End PBXVariantGroup section */

/* Begin XCBuildConfiguration section */
		F99F5FF926B0A51800FAEF3A /* Debug */ = {
			isa = XCBuildConfiguration;
			buildSettings = {
				ALWAYS_SEARCH_USER_PATHS = NO;
				CLANG_ANALYZER_NONNULL = YES;
				CLANG_ANALYZER_NUMBER_OBJECT_CONVERSION = YES_AGGRESSIVE;
				CLANG_CXX_LANGUAGE_STANDARD = "gnu++14";
				CLANG_CXX_LIBRARY = "libc++";
				CLANG_ENABLE_MODULES = YES;
				CLANG_ENABLE_OBJC_ARC = YES;
				CLANG_ENABLE_OBJC_WEAK = YES;
				CLANG_WARN_BLOCK_CAPTURE_AUTORELEASING = YES;
				CLANG_WARN_BOOL_CONVERSION = YES;
				CLANG_WARN_COMMA = YES;
				CLANG_WARN_CONSTANT_CONVERSION = YES;
				CLANG_WARN_DEPRECATED_OBJC_IMPLEMENTATIONS = YES;
				CLANG_WARN_DIRECT_OBJC_ISA_USAGE = YES_ERROR;
				CLANG_WARN_DOCUMENTATION_COMMENTS = YES;
				CLANG_WARN_EMPTY_BODY = YES;
				CLANG_WARN_ENUM_CONVERSION = YES;
				CLANG_WARN_INFINITE_RECURSION = YES;
				CLANG_WARN_INT_CONVERSION = YES;
				CLANG_WARN_NON_LITERAL_NULL_CONVERSION = YES;
				CLANG_WARN_OBJC_IMPLICIT_RETAIN_SELF = YES;
				CLANG_WARN_OBJC_LITERAL_CONVERSION = YES;
				CLANG_WARN_OBJC_ROOT_CLASS = YES_ERROR;
				CLANG_WARN_QUOTED_INCLUDE_IN_FRAMEWORK_HEADER = YES;
				CLANG_WARN_RANGE_LOOP_ANALYSIS = YES;
				CLANG_WARN_STRICT_PROTOTYPES = YES;
				CLANG_WARN_SUSPICIOUS_MOVE = YES;
				CLANG_WARN_UNGUARDED_AVAILABILITY = YES_AGGRESSIVE;
				CLANG_WARN_UNREACHABLE_CODE = YES;
				CLANG_WARN__DUPLICATE_METHOD_MATCH = YES;
				COPY_PHASE_STRIP = NO;
				DEBUG_INFORMATION_FORMAT = dwarf;
				ENABLE_STRICT_OBJC_MSGSEND = YES;
				ENABLE_TESTABILITY = YES;
				GCC_C_LANGUAGE_STANDARD = gnu11;
				GCC_DYNAMIC_NO_PIC = NO;
				GCC_NO_COMMON_BLOCKS = YES;
				GCC_OPTIMIZATION_LEVEL = 0;
				GCC_PREPROCESSOR_DEFINITIONS = (
					"DEBUG=1",
					"$(inherited)",
				);
				GCC_WARN_64_TO_32_BIT_CONVERSION = YES;
				GCC_WARN_ABOUT_RETURN_TYPE = YES_ERROR;
				GCC_WARN_UNDECLARED_SELECTOR = YES;
				GCC_WARN_UNINITIALIZED_AUTOS = YES_AGGRESSIVE;
				GCC_WARN_UNUSED_FUNCTION = YES;
				GCC_WARN_UNUSED_VARIABLE = YES;
				IPHONEOS_DEPLOYMENT_TARGET = 14.5;
				MTL_ENABLE_DEBUG_INFO = INCLUDE_SOURCE;
				MTL_FAST_MATH = YES;
				ONLY_ACTIVE_ARCH = YES;
				SDKROOT = iphoneos;
				SWIFT_ACTIVE_COMPILATION_CONDITIONS = DEBUG;
				SWIFT_OPTIMIZATION_LEVEL = "-Onone";
			};
			name = Debug;
		};
		F99F5FFA26B0A51800FAEF3A /* Release */ = {
			isa = XCBuildConfiguration;
			buildSettings = {
				ALWAYS_SEARCH_USER_PATHS = NO;
				CLANG_ANALYZER_NONNULL = YES;
				CLANG_ANALYZER_NUMBER_OBJECT_CONVERSION = YES_AGGRESSIVE;
				CLANG_CXX_LANGUAGE_STANDARD = "gnu++14";
				CLANG_CXX_LIBRARY = "libc++";
				CLANG_ENABLE_MODULES = YES;
				CLANG_ENABLE_OBJC_ARC = YES;
				CLANG_ENABLE_OBJC_WEAK = YES;
				CLANG_WARN_BLOCK_CAPTURE_AUTORELEASING = YES;
				CLANG_WARN_BOOL_CONVERSION = YES;
				CLANG_WARN_COMMA = YES;
				CLANG_WARN_CONSTANT_CONVERSION = YES;
				CLANG_WARN_DEPRECATED_OBJC_IMPLEMENTATIONS = YES;
				CLANG_WARN_DIRECT_OBJC_ISA_USAGE = YES_ERROR;
				CLANG_WARN_DOCUMENTATION_COMMENTS = YES;
				CLANG_WARN_EMPTY_BODY = YES;
				CLANG_WARN_ENUM_CONVERSION = YES;
				CLANG_WARN_INFINITE_RECURSION = YES;
				CLANG_WARN_INT_CONVERSION = YES;
				CLANG_WARN_NON_LITERAL_NULL_CONVERSION = YES;
				CLANG_WARN_OBJC_IMPLICIT_RETAIN_SELF = YES;
				CLANG_WARN_OBJC_LITERAL_CONVERSION = YES;
				CLANG_WARN_OBJC_ROOT_CLASS = YES_ERROR;
				CLANG_WARN_QUOTED_INCLUDE_IN_FRAMEWORK_HEADER = YES;
				CLANG_WARN_RANGE_LOOP_ANALYSIS = YES;
				CLANG_WARN_STRICT_PROTOTYPES = YES;
				CLANG_WARN_SUSPICIOUS_MOVE = YES;
				CLANG_WARN_UNGUARDED_AVAILABILITY = YES_AGGRESSIVE;
				CLANG_WARN_UNREACHABLE_CODE = YES;
				CLANG_WARN__DUPLICATE_METHOD_MATCH = YES;
				COPY_PHASE_STRIP = NO;
				DEBUG_INFORMATION_FORMAT = "dwarf-with-dsym";
				ENABLE_NS_ASSERTIONS = NO;
				ENABLE_STRICT_OBJC_MSGSEND = YES;
				GCC_C_LANGUAGE_STANDARD = gnu11;
				GCC_NO_COMMON_BLOCKS = YES;
				GCC_WARN_64_TO_32_BIT_CONVERSION = YES;
				GCC_WARN_ABOUT_RETURN_TYPE = YES_ERROR;
				GCC_WARN_UNDECLARED_SELECTOR = YES;
				GCC_WARN_UNINITIALIZED_AUTOS = YES_AGGRESSIVE;
				GCC_WARN_UNUSED_FUNCTION = YES;
				GCC_WARN_UNUSED_VARIABLE = YES;
				IPHONEOS_DEPLOYMENT_TARGET = 14.5;
				MTL_ENABLE_DEBUG_INFO = NO;
				MTL_FAST_MATH = YES;
				SDKROOT = iphoneos;
				SWIFT_COMPILATION_MODE = wholemodule;
				SWIFT_OPTIMIZATION_LEVEL = "-O";
				VALIDATE_PRODUCT = YES;
			};
			name = Release;
		};
		F99F5FFC26B0A51800FAEF3A /* Debug */ = {
			isa = XCBuildConfiguration;
			buildSettings = {
				ASSETCATALOG_COMPILER_APPICON_NAME = AppIcon;
				ASSETCATALOG_COMPILER_GLOBAL_ACCENT_COLOR_NAME = AccentColor;
				CODE_SIGN_STYLE = Automatic;
				DEVELOPMENT_TEAM = R2TF4J9L8G;
				INFOPLIST_FILE = contactApp/Info.plist;
				LD_RUNPATH_SEARCH_PATHS = (
					"$(inherited)",
					"@executable_path/Frameworks",
				);
				PRODUCT_BUNDLE_IDENTIFIER = "ru.swiftbook.MakarovVN-HW2.7.contactApp";
				PRODUCT_NAME = "$(TARGET_NAME)";
				SWIFT_VERSION = 5.0;
				TARGETED_DEVICE_FAMILY = 1;
			};
			name = Debug;
		};
		F99F5FFD26B0A51800FAEF3A /* Release */ = {
			isa = XCBuildConfiguration;
			buildSettings = {
				ASSETCATALOG_COMPILER_APPICON_NAME = AppIcon;
				ASSETCATALOG_COMPILER_GLOBAL_ACCENT_COLOR_NAME = AccentColor;
				CODE_SIGN_STYLE = Automatic;
				DEVELOPMENT_TEAM = R2TF4J9L8G;
				INFOPLIST_FILE = contactApp/Info.plist;
				LD_RUNPATH_SEARCH_PATHS = (
					"$(inherited)",
					"@executable_path/Frameworks",
				);
				PRODUCT_BUNDLE_IDENTIFIER = "ru.swiftbook.MakarovVN-HW2.7.contactApp";
				PRODUCT_NAME = "$(TARGET_NAME)";
				SWIFT_VERSION = 5.0;
				TARGETED_DEVICE_FAMILY = 1;
			};
			name = Release;
		};
/* End XCBuildConfiguration section */

/* Begin XCConfigurationList section */
		F99F5FE226B0A51400FAEF3A /* Build configuration list for PBXProject "contactApp" */ = {
			isa = XCConfigurationList;
			buildConfigurations = (
				F99F5FF926B0A51800FAEF3A /* Debug */,
				F99F5FFA26B0A51800FAEF3A /* Release */,
			);
			defaultConfigurationIsVisible = 0;
			defaultConfigurationName = Release;
		};
		F99F5FFB26B0A51800FAEF3A /* Build configuration list for PBXNativeTarget "contactApp" */ = {
			isa = XCConfigurationList;
			buildConfigurations = (
				F99F5FFC26B0A51800FAEF3A /* Debug */,
				F99F5FFD26B0A51800FAEF3A /* Release */,
			);
			defaultConfigurationIsVisible = 0;
			defaultConfigurationName = Release;
		};
/* End XCConfigurationList section */
	};
	rootObject = F99F5FDF26B0A51400FAEF3A /* Project object */;
}
